
Microsoft Visual Studio Solution File, Format Version 12.00
# Visual Studio 15
VisualStudioVersion = 15.0.26730.15
MinimumVisualStudioVersion = 10.0.40219.1
Project("{FAE04EC0-301F-11D3-BF4B-00C04F79EFBC}") = "SecretKeyGeneration", "SecretKeyGeneration\SecretKeyGeneration.csproj", "{F4635D2A-CABD-43BC-9BE2-F359B56F5274}"
EndProject
Project("{FAE04EC0-301F-11D3-BF4B-00C04F79EFBC}") = "SimpleBitcoinSender", "SimpleBitcoinSender\SimpleBitcoinSender.csproj", "{C15E233F-6DC9-46A0-8136-B96B88B69093}"
EndProject
Global
	GlobalSection(SolutionConfigurationPlatforms) = preSolution
		Debug|Any CPU = Debug|Any CPU
		Release|Any CPU = Release|Any CPU
	EndGlobalSection
	GlobalSection(ProjectConfigurationPlatforms) = postSolution
		{F4635D2A-CABD-43BC-9BE2-F359B56F5274}.Debug|Any CPU.ActiveCfg = Debug|Any CPU
		{F4635D2A-CABD-43BC-9BE2-F359B56F5274}.Debug|Any CPU.Build.0 = Debug|Any CPU
		{F4635D2A-CABD-43BC-9BE2-F359B56F5274}.Release|Any CPU.ActiveCfg = Release|Any CPU
		{F4635D2A-CABD-43BC-9BE2-F359B56F5274}.Release|Any CPU.Build.0 = Release|Any CPU
		{C15E233F-6DC9-46A0-8136-B96B88B69093}.Debug|Any CPU.ActiveCfg = Debug|Any CPU
		{C15E233F-6DC9-46A0-8136-B96B88B69093}.Debug|Any CPU.Build.0 = Debug|Any CPU
		{C15E233F-6DC9-46A0-8136-B96B88B69093}.Release|Any CPU.ActiveCfg = Release|Any CPU
		{C15E233F-6DC9-46A0-8136-B96B88B69093}.Release|Any CPU.Build.0 = Release|Any CPU
	EndGlobalSection
	GlobalSection(SolutionProperties) = preSolution
		HideSolutionNode = FALSE
	EndGlobalSection
	GlobalSection(ExtensibilityGlobals) = postSolution
		SolutionGuid = {8976AB87-F4D0-4B8D-852D-C41E72007C2F}
	EndGlobalSection
EndGlobal
